
Microsoft Visual Studio Solution File, Format Version 12.00
# Visual Studio Version 16
VisualStudioVersion = 16.0.30320.27
MinimumVisualStudioVersion = 10.0.40219.1
Project("{FAE04EC0-301F-11D3-BF4B-00C04F79EFBC}") = "ORM", "ORM\ORM.csproj", "{4295203D-F0E0-453C-A158-9E847C9E62B9}"
EndProject
Global
	GlobalSection(SolutionConfigurationPlatforms) = preSolution
		Debug|Any CPU = Debug|Any CPU
		Release|Any CPU = Release|Any CPU
	EndGlobalSection
	GlobalSection(ProjectConfigurationPlatforms) = postSolution
		{4295203D-F0E0-453C-A158-9E847C9E62B9}.Debug|Any CPU.ActiveCfg = Debug|Any CPU
		{4295203D-F0E0-453C-A158-9E847C9E62B9}.Debug|Any CPU.Build.0 = Debug|Any CPU
		{4295203D-F0E0-453C-A158-9E847C9E62B9}.Release|Any CPU.ActiveCfg = Release|Any CPU
		{4295203D-F0E0-453C-A158-9E847C9E62B9}.Release|Any CPU.Build.0 = Release|Any CPU
	EndGlobalSection
	GlobalSection(SolutionProperties) = preSolution
		HideSolutionNode = FALSE
	EndGlobalSection
	GlobalSection(ExtensibilityGlobals) = postSolution
		SolutionGuid = {E970FC73-E2B6-4C7A-8577-526FFECF983E}
	EndGlobalSection
EndGlobal
